// !$*UTF8*$!
{
	archiveVersion = 1;
	classes = {
	};
	objectVersion = 46;
	objects = {

/* Begin PBXBuildFile section */
		7E89E5D81CEF6738005BD9CA /* InGameViewController.swift in Sources */ = {isa = PBXBuildFile; fileRef = 7E89E5D71CEF6738005BD9CA /* InGameViewController.swift */; };
		BF744DF71CEE0A5000BBE6F6 /* main.m in Sources */ = {isa = PBXBuildFile; fileRef = BF744DF61CEE0A5000BBE6F6 /* main.m */; };
		BF744DFA1CEE0A5000BBE6F6 /* AppDelegate.m in Sources */ = {isa = PBXBuildFile; fileRef = BF744DF91CEE0A5000BBE6F6 /* AppDelegate.m */; };
		BF744DFD1CEE0A5100BBE6F6 /* ViewController.m in Sources */ = {isa = PBXBuildFile; fileRef = BF744DFC1CEE0A5100BBE6F6 /* ViewController.m */; };
		BF744E001CEE0A5100BBE6F6 /* Main.storyboard in Resources */ = {isa = PBXBuildFile; fileRef = BF744DFE1CEE0A5100BBE6F6 /* Main.storyboard */; };
		BF744E021CEE0A5100BBE6F6 /* Assets.xcassets in Resources */ = {isa = PBXBuildFile; fileRef = BF744E011CEE0A5100BBE6F6 /* Assets.xcassets */; };
		BF744E051CEE0A5100BBE6F6 /* LaunchScreen.storyboard in Resources */ = {isa = PBXBuildFile; fileRef = BF744E031CEE0A5100BBE6F6 /* LaunchScreen.storyboard */; };
		BF744E101CEE0A5100BBE6F6 /* bluetoothTests.m in Sources */ = {isa = PBXBuildFile; fileRef = BF744E0F1CEE0A5100BBE6F6 /* bluetoothTests.m */; };
		BF744E1C1CEE0BCD00BBE6F6 /* Peripheral.m in Sources */ = {isa = PBXBuildFile; fileRef = BF744E1B1CEE0BCD00BBE6F6 /* Peripheral.m */; };
/* End PBXBuildFile section */

/* Begin PBXContainerItemProxy section */
		BF744E0C1CEE0A5100BBE6F6 /* PBXContainerItemProxy */ = {
			isa = PBXContainerItemProxy;
			containerPortal = BF744DEA1CEE0A5000BBE6F6 /* Project object */;
			proxyType = 1;
			remoteGlobalIDString = BF744DF11CEE0A5000BBE6F6;
			remoteInfo = bluetooth;
		};
/* End PBXContainerItemProxy section */

/* Begin PBXFileReference section */
		7E89E5D61CEF6738005BD9CA /* bluetooth-Bridging-Header.h */ = {isa = PBXFileReference; lastKnownFileType = sourcecode.c.h; path = "bluetooth-Bridging-Header.h"; sourceTree = "<group>"; };
		7E89E5D71CEF6738005BD9CA /* InGameViewController.swift */ = {isa = PBXFileReference; fileEncoding = 4; lastKnownFileType = sourcecode.swift; path = InGameViewController.swift; sourceTree = "<group>"; };
		BF744DF21CEE0A5000BBE6F6 /* bluetooth.app */ = {isa = PBXFileReference; explicitFileType = wrapper.application; includeInIndex = 0; path = bluetooth.app; sourceTree = BUILT_PRODUCTS_DIR; };
		BF744DF61CEE0A5000BBE6F6 /* main.m */ = {isa = PBXFileReference; lastKnownFileType = sourcecode.c.objc; path = main.m; sourceTree = "<group>"; };
		BF744DF81CEE0A5000BBE6F6 /* AppDelegate.h */ = {isa = PBXFileReference; lastKnownFileType = sourcecode.c.h; path = AppDelegate.h; sourceTree = "<group>"; };
		BF744DF91CEE0A5000BBE6F6 /* AppDelegate.m */ = {isa = PBXFileReference; lastKnownFileType = sourcecode.c.objc; path = AppDelegate.m; sourceTree = "<group>"; };
		BF744DFB1CEE0A5000BBE6F6 /* ViewController.h */ = {isa = PBXFileReference; lastKnownFileType = sourcecode.c.h; path = ViewController.h; sourceTree = "<group>"; };
		BF744DFC1CEE0A5100BBE6F6 /* ViewController.m */ = {isa = PBXFileReference; lastKnownFileType = sourcecode.c.objc; path = ViewController.m; sourceTree = "<group>"; };
		BF744DFF1CEE0A5100BBE6F6 /* Base */ = {isa = PBXFileReference; lastKnownFileType = file.storyboard; name = Base; path = Base.lproj/Main.storyboard; sourceTree = "<group>"; };
		BF744E011CEE0A5100BBE6F6 /* Assets.xcassets */ = {isa = PBXFileReference; lastKnownFileType = folder.assetcatalog; path = Assets.xcassets; sourceTree = "<group>"; };
		BF744E041CEE0A5100BBE6F6 /* Base */ = {isa = PBXFileReference; lastKnownFileType = file.storyboard; name = Base; path = Base.lproj/LaunchScreen.storyboard; sourceTree = "<group>"; };
		BF744E061CEE0A5100BBE6F6 /* Info.plist */ = {isa = PBXFileReference; lastKnownFileType = text.plist.xml; path = Info.plist; sourceTree = "<group>"; };
		BF744E0B1CEE0A5100BBE6F6 /* bluetoothTests.xctest */ = {isa = PBXFileReference; explicitFileType = wrapper.cfbundle; includeInIndex = 0; path = bluetoothTests.xctest; sourceTree = BUILT_PRODUCTS_DIR; };
		BF744E0F1CEE0A5100BBE6F6 /* bluetoothTests.m */ = {isa = PBXFileReference; lastKnownFileType = sourcecode.c.objc; path = bluetoothTests.m; sourceTree = "<group>"; };
		BF744E111CEE0A5100BBE6F6 /* Info.plist */ = {isa = PBXFileReference; lastKnownFileType = text.plist.xml; path = Info.plist; sourceTree = "<group>"; };
		BF744E1B1CEE0BCD00BBE6F6 /* Peripheral.m */ = {isa = PBXFileReference; fileEncoding = 4; lastKnownFileType = sourcecode.c.objc; name = Peripheral.m; path = Bluetooth/Peripheral.m; sourceTree = "<group>"; };
		BF744E1D1CEE0BDE00BBE6F6 /* Peripheral.h */ = {isa = PBXFileReference; lastKnownFileType = sourcecode.c.h; name = Peripheral.h; path = Bluetooth/Peripheral.h; sourceTree = "<group>"; };
/* End PBXFileReference section */

/* Begin PBXFrameworksBuildPhase section */
		BF744DEF1CEE0A5000BBE6F6 /* Frameworks */ = {
			isa = PBXFrameworksBuildPhase;
			buildActionMask = 2147483647;
			files = (
			);
			runOnlyForDeploymentPostprocessing = 0;
		};
		BF744E081CEE0A5100BBE6F6 /* Frameworks */ = {
			isa = PBXFrameworksBuildPhase;
			buildActionMask = 2147483647;
			files = (
			);
			runOnlyForDeploymentPostprocessing = 0;
		};
/* End PBXFrameworksBuildPhase section */

/* Begin PBXGroup section */
		BF744DE91CEE0A5000BBE6F6 = {
			isa = PBXGroup;
			children = (
				BF744DF41CEE0A5000BBE6F6 /* bluetooth */,
				BF744E0E1CEE0A5100BBE6F6 /* bluetoothTests */,
				BF744DF31CEE0A5000BBE6F6 /* Products */,
			);
			sourceTree = "<group>";
		};
		BF744DF31CEE0A5000BBE6F6 /* Products */ = {
			isa = PBXGroup;
			children = (
				BF744DF21CEE0A5000BBE6F6 /* bluetooth.app */,
				BF744E0B1CEE0A5100BBE6F6 /* bluetoothTests.xctest */,
			);
			name = Products;
			sourceTree = "<group>";
		};
		BF744DF41CEE0A5000BBE6F6 /* bluetooth */ = {
			isa = PBXGroup;
			children = (
				BF744DF81CEE0A5000BBE6F6 /* AppDelegate.h */,
				BF744DF91CEE0A5000BBE6F6 /* AppDelegate.m */,
				BF744E1A1CEE0BA800BBE6F6 /* Bluetooth */,
				BF744DFB1CEE0A5000BBE6F6 /* ViewController.h */,
				BF744DFC1CEE0A5100BBE6F6 /* ViewController.m */,
				7E89E5D71CEF6738005BD9CA /* InGameViewController.swift */,
				BF744DFE1CEE0A5100BBE6F6 /* Main.storyboard */,
				BF744E011CEE0A5100BBE6F6 /* Assets.xcassets */,
				BF744E031CEE0A5100BBE6F6 /* LaunchScreen.storyboard */,
				BF744E061CEE0A5100BBE6F6 /* Info.plist */,
				BF744DF51CEE0A5000BBE6F6 /* Supporting Files */,
				7E89E5D61CEF6738005BD9CA /* bluetooth-Bridging-Header.h */,
			);
			path = bluetooth;
			sourceTree = "<group>";
		};
		BF744DF51CEE0A5000BBE6F6 /* Supporting Files */ = {
			isa = PBXGroup;
			children = (
				BF744DF61CEE0A5000BBE6F6 /* main.m */,
			);
			name = "Supporting Files";
			sourceTree = "<group>";
		};
		BF744E0E1CEE0A5100BBE6F6 /* bluetoothTests */ = {
			isa = PBXGroup;
			children = (
				BF744E0F1CEE0A5100BBE6F6 /* bluetoothTests.m */,
				BF744E111CEE0A5100BBE6F6 /* Info.plist */,
			);
			path = bluetoothTests;
			sourceTree = "<group>";
		};
		BF744E1A1CEE0BA800BBE6F6 /* Bluetooth */ = {
			isa = PBXGroup;
			children = (
				BF744E1B1CEE0BCD00BBE6F6 /* Peripheral.m */,
				BF744E1D1CEE0BDE00BBE6F6 /* Peripheral.h */,
			);
			name = Bluetooth;
			sourceTree = "<group>";
		};
/* End PBXGroup section */

/* Begin PBXNativeTarget section */
		BF744DF11CEE0A5000BBE6F6 /* bluetooth */ = {
			isa = PBXNativeTarget;
			buildConfigurationList = BF744E141CEE0A5100BBE6F6 /* Build configuration list for PBXNativeTarget "bluetooth" */;
			buildPhases = (
				BF744DEE1CEE0A5000BBE6F6 /* Sources */,
				BF744DEF1CEE0A5000BBE6F6 /* Frameworks */,
				BF744DF01CEE0A5000BBE6F6 /* Resources */,
			);
			buildRules = (
			);
			dependencies = (
			);
			name = bluetooth;
			productName = bluetooth;
			productReference = BF744DF21CEE0A5000BBE6F6 /* bluetooth.app */;
			productType = "com.apple.product-type.application";
		};
		BF744E0A1CEE0A5100BBE6F6 /* bluetoothTests */ = {
			isa = PBXNativeTarget;
			buildConfigurationList = BF744E171CEE0A5100BBE6F6 /* Build configuration list for PBXNativeTarget "bluetoothTests" */;
			buildPhases = (
				BF744E071CEE0A5100BBE6F6 /* Sources */,
				BF744E081CEE0A5100BBE6F6 /* Frameworks */,
				BF744E091CEE0A5100BBE6F6 /* Resources */,
			);
			buildRules = (
			);
			dependencies = (
				BF744E0D1CEE0A5100BBE6F6 /* PBXTargetDependency */,
			);
			name = bluetoothTests;
			productName = bluetoothTests;
			productReference = BF744E0B1CEE0A5100BBE6F6 /* bluetoothTests.xctest */;
			productType = "com.apple.product-type.bundle.unit-test";
		};
/* End PBXNativeTarget section */

/* Begin PBXProject section */
		BF744DEA1CEE0A5000BBE6F6 /* Project object */ = {
			isa = PBXProject;
			attributes = {
				LastUpgradeCheck = 0730;
				ORGANIZATIONNAME = webapps;
				TargetAttributes = {
					BF744DF11CEE0A5000BBE6F6 = {
						CreatedOnToolsVersion = 7.3;
						DevelopmentTeam = 9966EZPA3G;
					};
					BF744E0A1CEE0A5100BBE6F6 = {
						CreatedOnToolsVersion = 7.3;
						TestTargetID = BF744DF11CEE0A5000BBE6F6;
					};
				};
			};
			buildConfigurationList = BF744DED1CEE0A5000BBE6F6 /* Build configuration list for PBXProject "bluetooth" */;
			compatibilityVersion = "Xcode 3.2";
			developmentRegion = English;
			hasScannedForEncodings = 0;
			knownRegions = (
				en,
				Base,
			);
			mainGroup = BF744DE91CEE0A5000BBE6F6;
			productRefGroup = BF744DF31CEE0A5000BBE6F6 /* Products */;
			projectDirPath = "";
			projectRoot = "";
			targets = (
				BF744DF11CEE0A5000BBE6F6 /* bluetooth */,
				BF744E0A1CEE0A5100BBE6F6 /* bluetoothTests */,
			);
		};
/* End PBXProject section */

/* Begin PBXResourcesBuildPhase section */
		BF744DF01CEE0A5000BBE6F6 /* Resources */ = {
			isa = PBXResourcesBuildPhase;
			buildActionMask = 2147483647;
			files = (
				BF744E051CEE0A5100BBE6F6 /* LaunchScreen.storyboard in Resources */,
				BF744E021CEE0A5100BBE6F6 /* Assets.xcassets in Resources */,
				BF744E001CEE0A5100BBE6F6 /* Main.storyboard in Resources */,
			);
			runOnlyForDeploymentPostprocessing = 0;
		};
		BF744E091CEE0A5100BBE6F6 /* Resources */ = {
			isa = PBXResourcesBuildPhase;
			buildActionMask = 2147483647;
			files = (
			);
			runOnlyForDeploymentPostprocessing = 0;
		};
/* End PBXResourcesBuildPhase section */

/* Begin PBXSourcesBuildPhase section */
		BF744DEE1CEE0A5000BBE6F6 /* Sources */ = {
			isa = PBXSourcesBuildPhase;
			buildActionMask = 2147483647;
			files = (
				7E89E5D81CEF6738005BD9CA /* InGameViewController.swift in Sources */,
				BF744DFD1CEE0A5100BBE6F6 /* ViewController.m in Sources */,
				BF744DFA1CEE0A5000BBE6F6 /* AppDelegate.m in Sources */,
				BF744DF71CEE0A5000BBE6F6 /* main.m in Sources */,
				BF744E1C1CEE0BCD00BBE6F6 /* Peripheral.m in Sources */,
			);
			runOnlyForDeploymentPostprocessing = 0;
		};
		BF744E071CEE0A5100BBE6F6 /* Sources */ = {
			isa = PBXSourcesBuildPhase;
			buildActionMask = 2147483647;
			files = (
				BF744E101CEE0A5100BBE6F6 /* bluetoothTests.m in Sources */,
			);
			runOnlyForDeploymentPostprocessing = 0;
		};
/* End PBXSourcesBuildPhase section */

/* Begin PBXTargetDependency section */
		BF744E0D1CEE0A5100BBE6F6 /* PBXTargetDependency */ = {
			isa = PBXTargetDependency;
			target = BF744DF11CEE0A5000BBE6F6 /* bluetooth */;
			targetProxy = BF744E0C1CEE0A5100BBE6F6 /* PBXContainerItemProxy */;
		};
/* End PBXTargetDependency section */

/* Begin PBXVariantGroup section */
		BF744DFE1CEE0A5100BBE6F6 /* Main.storyboard */ = {
			isa = PBXVariantGroup;
			children = (
				BF744DFF1CEE0A5100BBE6F6 /* Base */,
			);
			name = Main.storyboard;
			sourceTree = "<group>";
		};
		BF744E031CEE0A5100BBE6F6 /* LaunchScreen.storyboard */ = {
			isa = PBXVariantGroup;
			children = (
				BF744E041CEE0A5100BBE6F6 /* Base */,
			);
			name = LaunchScreen.storyboard;
			sourceTree = "<group>";
		};
/* End PBXVariantGroup section */

/* Begin XCBuildConfiguration section */
		BF744E121CEE0A5100BBE6F6 /* Debug */ = {
			isa = XCBuildConfiguration;
			buildSettings = {
				ALWAYS_SEARCH_USER_PATHS = NO;
				CLANG_ANALYZER_NONNULL = YES;
				CLANG_CXX_LANGUAGE_STANDARD = "gnu++0x";
				CLANG_CXX_LIBRARY = "libc++";
				CLANG_ENABLE_MODULES = YES;
				CLANG_ENABLE_OBJC_ARC = YES;
				CLANG_WARN_BOOL_CONVERSION = YES;
				CLANG_WARN_CONSTANT_CONVERSION = YES;
				CLANG_WARN_DIRECT_OBJC_ISA_USAGE = YES_ERROR;
				CLANG_WARN_EMPTY_BODY = YES;
				CLANG_WARN_ENUM_CONVERSION = YES;
				CLANG_WARN_INT_CONVERSION = YES;
				CLANG_WARN_OBJC_ROOT_CLASS = YES_ERROR;
				CLANG_WARN_UNREACHABLE_CODE = YES;
				CLANG_WARN__DUPLICATE_METHOD_MATCH = YES;
				"CODE_SIGN_IDENTITY[sdk=iphoneos*]" = "iPhone Developer";
				COPY_PHASE_STRIP = NO;
				DEBUG_INFORMATION_FORMAT = dwarf;
				ENABLE_STRICT_OBJC_MSGSEND = YES;
				ENABLE_TESTABILITY = YES;
				GCC_C_LANGUAGE_STANDARD = gnu99;
				GCC_DYNAMIC_NO_PIC = NO;
				GCC_NO_COMMON_BLOCKS = YES;
				GCC_OPTIMIZATION_LEVEL = 0;
				GCC_PREPROCESSOR_DEFINITIONS = (
					"DEBUG=1",
					"$(inherited)",
				);
				GCC_WARN_64_TO_32_BIT_CONVERSION = YES;
				GCC_WARN_ABOUT_RETURN_TYPE = YES_ERROR;
				GCC_WARN_UNDECLARED_SELECTOR = YES;
				GCC_WARN_UNINITIALIZED_AUTOS = YES_AGGRESSIVE;
				GCC_WARN_UNUSED_FUNCTION = YES;
				GCC_WARN_UNUSED_VARIABLE = YES;
				IPHONEOS_DEPLOYMENT_TARGET = 9.3;
				MTL_ENABLE_DEBUG_INFO = YES;
				ONLY_ACTIVE_ARCH = YES;
				SDKROOT = iphoneos;
				TARGETED_DEVICE_FAMILY = "1,2";
			};
			name = Debug;
		};
		BF744E131CEE0A5100BBE6F6 /* Release */ = {
			isa = XCBuildConfiguration;
			buildSettings = {
				ALWAYS_SEARCH_USER_PATHS = NO;
				CLANG_ANALYZER_NONNULL = YES;
				CLANG_CXX_LANGUAGE_STANDARD = "gnu++0x";
				CLANG_CXX_LIBRARY = "libc++";
				CLANG_ENABLE_MODULES = YES;
				CLANG_ENABLE_OBJC_ARC = YES;
				CLANG_WARN_BOOL_CONVERSION = YES;
				CLANG_WARN_CONSTANT_CONVERSION = YES;
				CLANG_WARN_DIRECT_OBJC_ISA_USAGE = YES_ERROR;
				CLANG_WARN_EMPTY_BODY = YES;
				CLANG_WARN_ENUM_CONVERSION = YES;
				CLANG_WARN_INT_CONVERSION = YES;
				CLANG_WARN_OBJC_ROOT_CLASS = YES_ERROR;
				CLANG_WARN_UNREACHABLE_CODE = YES;
				CLANG_WARN__DUPLICATE_METHOD_MATCH = YES;
				"CODE_SIGN_IDENTITY[sdk=iphoneos*]" = "iPhone Developer";
				COPY_PHASE_STRIP = NO;
				DEBUG_INFORMATION_FORMAT = "dwarf-with-dsym";
				ENABLE_NS_ASSERTIONS = NO;
				ENABLE_STRICT_OBJC_MSGSEND = YES;
				GCC_C_LANGUAGE_STANDARD = gnu99;
				GCC_NO_COMMON_BLOCKS = YES;
				GCC_WARN_64_TO_32_BIT_CONVERSION = YES;
				GCC_WARN_ABOUT_RETURN_TYPE = YES_ERROR;
				GCC_WARN_UNDECLARED_SELECTOR = YES;
				GCC_WARN_UNINITIALIZED_AUTOS = YES_AGGRESSIVE;
				GCC_WARN_UNUSED_FUNCTION = YES;
				GCC_WARN_UNUSED_VARIABLE = YES;
				IPHONEOS_DEPLOYMENT_TARGET = 9.3;
				MTL_ENABLE_DEBUG_INFO = NO;
				SDKROOT = iphoneos;
				TARGETED_DEVICE_FAMILY = "1,2";
				VALIDATE_PRODUCT = YES;
			};
			name = Release;
		};
		BF744E151CEE0A5100BBE6F6 /* Debug */ = {
			isa = XCBuildConfiguration;
			buildSettings = {
				ASSETCATALOG_COMPILER_APPICON_NAME = AppIcon;
				CLANG_ENABLE_MODULES = YES;
				CODE_SIGN_IDENTITY = "iPhone Developer";
				"CODE_SIGN_IDENTITY[sdk=iphoneos*]" = "iPhone Developer";
				INFOPLIST_FILE = bluetooth/Info.plist;
				LD_RUNPATH_SEARCH_PATHS = "$(inherited) @executable_path/Frameworks";
				PRODUCT_BUNDLE_IDENTIFIER = webapps.bluetooth;
				PRODUCT_NAME = "$(TARGET_NAME)";
				PROVISIONING_PROFILE = "";
				SWIFT_OBJC_BRIDGING_HEADER = "bluetooth/bluetooth-Bridging-Header.h";
				SWIFT_OPTIMIZATION_LEVEL = "-Onone";
			};
			name = Debug;
		};
		BF744E161CEE0A5100BBE6F6 /* Release */ = {
			isa = XCBuildConfiguration;
			buildSettings = {
				ASSETCATALOG_COMPILER_APPICON_NAME = AppIcon;
				CLANG_ENABLE_MODULES = YES;
				CODE_SIGN_IDENTITY = "iPhone Developer";
				"CODE_SIGN_IDENTITY[sdk=iphoneos*]" = "iPhone Developer";
				INFOPLIST_FILE = bluetooth/Info.plist;
				LD_RUNPATH_SEARCH_PATHS = "$(inherited) @executable_path/Frameworks";
				PRODUCT_BUNDLE_IDENTIFIER = webapps.bluetooth;
				PRODUCT_NAME = "$(TARGET_NAME)";
				PROVISIONING_PROFILE = "";
				SWIFT_OBJC_BRIDGING_HEADER = "bluetooth/bluetooth-Bridging-Header.h";
			};
			name = Release;
		};
		BF744E181CEE0A5100BBE6F6 /* Debug */ = {
			isa = XCBuildConfiguration;
			buildSettings = {
				BUNDLE_LOADER = "$(TEST_HOST)";
				INFOPLIST_FILE = bluetoothTests/Info.plist;
				LD_RUNPATH_SEARCH_PATHS = "$(inherited) @executable_path/Frameworks @loader_path/Frameworks";
				PRODUCT_BUNDLE_IDENTIFIER = webapps.bluetoothTests;
				PRODUCT_NAME = "$(TARGET_NAME)";
				TEST_HOST = "$(BUILT_PRODUCTS_DIR)/bluetooth.app/bluetooth";
			};
			name = Debug;
		};
		BF744E191CEE0A5100BBE6F6 /* Release */ = {
			isa = XCBuildConfiguration;
			buildSettings = {
				BUNDLE_LOADER = "$(TEST_HOST)";
				INFOPLIST_FILE = bluetoothTests/Info.plist;
				LD_RUNPATH_SEARCH_PATHS = "$(inherited) @executable_path/Frameworks @loader_path/Frameworks";
				PRODUCT_BUNDLE_IDENTIFIER = webapps.bluetoothTests;
				PRODUCT_NAME = "$(TARGET_NAME)";
				TEST_HOST = "$(BUILT_PRODUCTS_DIR)/bluetooth.app/bluetooth";
			};
			name = Release;
		};
/* End XCBuildConfiguration section */

/* Begin XCConfigurationList section */
		BF744DED1CEE0A5000BBE6F6 /* Build configuration list for PBXProject "bluetooth" */ = {
			isa = XCConfigurationList;
			buildConfigurations = (
				BF744E121CEE0A5100BBE6F6 /* Debug */,
				BF744E131CEE0A5100BBE6F6 /* Release */,
			);
			defaultConfigurationIsVisible = 0;
			defaultConfigurationName = Release;
		};
		BF744E141CEE0A5100BBE6F6 /* Build configuration list for PBXNativeTarget "bluetooth" */ = {
			isa = XCConfigurationList;
			buildConfigurations = (
				BF744E151CEE0A5100BBE6F6 /* Debug */,
				BF744E161CEE0A5100BBE6F6 /* Release */,
			);
			defaultConfigurationIsVisible = 0;
			defaultConfigurationName = Release;
		};
		BF744E171CEE0A5100BBE6F6 /* Build configuration list for PBXNativeTarget "bluetoothTests" */ = {
			isa = XCConfigurationList;
			buildConfigurations = (
				BF744E181CEE0A5100BBE6F6 /* Debug */,
				BF744E191CEE0A5100BBE6F6 /* Release */,
			);
			defaultConfigurationIsVisible = 0;
			defaultConfigurationName = Release;
		};
/* End XCConfigurationList section */
	};
	rootObject = BF744DEA1CEE0A5000BBE6F6 /* Project object */;
}
